<?xml version="1.0" encoding="utf-8"?>
<Project ToolsVersion="4.0" xmlns="http://schemas.microsoft.com/developer/msbuild/2003">
  <ItemGroup>
    <Filter Include="Source Files">
      <UniqueIdentifier>{4FC737F1-C7A5-4376-A066-2A32D752A2FF}</UniqueIdentifier>
      <Extensions>cpp;c;cc;cxx;def;odl;idl;hpj;bat;asm;asmx</Extensions>
    </Filter>
    <Filter Include="Header Files">
      <UniqueIdentifier>{93995380-89BD-4b04-88EB-625FBE52EBFB}</UniqueIdentifier>
      <Extensions>h;hpp;hxx;hm;inl;inc;xsd</Extensions>
    </Filter>
    <Filter Include="Resource Files">
      <UniqueIdentifier>{67DA6AB6-F800-4c08-8B7A-83BB121AAD01}</UniqueIdentifier>
      <Extensions>rc;ico;cur;bmp;dlg;rc2;rct;bin;rgs;gif;jpg;jpeg;jpe;resx;tiff;tif;png;wav</Extensions>
    </Filter>
  </ItemGroup>
  <ItemGroup>
    <ClCompile Include="ChaseCam.cpp">
      <Filter>Source Files</Filter>
    </ClCompile>
    <ClCompile Include="ControlItem.cpp">
      <Filter>Source Files</Filter>
    </ClCompile>
    <ClCompile Include="ControlItemButton.cpp">
      <Filter>Source Files</Filter>
    </ClCompile>
    <ClCompile Include="ControlItemCheckBox.cpp">
      <Filter>Source Files</Filter>
    </ClCompile>
    <ClCompile Include="ControlItemGrid.cpp">
      <Filter>Source Files</Filter>
    </ClCompile>
    <ClCompile Include="ControlItemSelectionBox.cpp">
      <Filter>Source Files</Filter>
    </ClCompile>
    <ClCompile Include="ControlItemSliderbar.cpp">
      <Filter>Source Files</Filter>
    </ClCompile>
    <ClCompile Include="ControlItemTextField.cpp">
      <Filter>Source Files</Filter>
    </ClCompile>
    <ClCompile Include="Explosion.cpp">
      <Filter>Source Files</Filter>
    </ClCompile>
    <ClCompile Include="GameState.cpp">
      <Filter>Source Files</Filter>
    </ClCompile>
    <ClCompile Include="GlobalSettings.cpp">
      <Filter>Source Files</Filter>
    </ClCompile>
    <ClCompile Include="ImageObject.cpp">
      <Filter>Source Files</Filter>
    </ClCompile>
    <ClCompile Include="Inventory.cpp">
      <Filter>Source Files</Filter>
    </ClCompile>
    <ClCompile Include="Item.cpp">
      <Filter>Source Files</Filter>
    </ClCompile>
    <ClCompile Include="ItemAntiAcid.cpp">
      <Filter>Source Files</Filter>
    </ClCompile>
    <ClCompile Include="ItemBigRepair.cpp">
      <Filter>Source Files</Filter>
    </ClCompile>
    <ClCompile Include="ItemCloak.cpp">
      <Filter>Source Files</Filter>
    </ClCompile>
    <ClCompile Include="ItemDoubleAction.cpp">
      <Filter>Source Files</Filter>
    </ClCompile>
    <ClCompile Include="ItemExtraBattery.cpp">
      <Filter>Source Files</Filter>
    </ClCompile>
    <ClCompile Include="ItemFloat.cpp">
      <Filter>Source Files</Filter>
    </ClCompile>
    <ClCompile Include="ItemShield.cpp">
      <Filter>Source Files</Filter>
    </ClCompile>
    <ClCompile Include="ItemSmallRepair.cpp">
      <Filter>Source Files</Filter>
    </ClCompile>
    <ClCompile Include="ItemTest.cpp">
      <Filter>Source Files</Filter>
    </ClCompile>
    <ClCompile Include="LoadingScreen.cpp">
      <Filter>Source Files</Filter>
    </ClCompile>
    <ClCompile Include="MainMenu.cpp">
      <Filter>Source Files</Filter>
    </ClCompile>
    <ClCompile Include="MainMenuButton.cpp">
      <Filter>Source Files</Filter>
    </ClCompile>
    <ClCompile Include="Normal.cpp">
      <Filter>Source Files</Filter>
    </ClCompile>
    <ClCompile Include="Particle.cpp">
      <Filter>Source Files</Filter>
    </ClCompile>
    <ClCompile Include="ParticleAcid.cpp">
      <Filter>Source Files</Filter>
    </ClCompile>
    <ClCompile Include="ParticleFloat.cpp">
      <Filter>Source Files</Filter>
    </ClCompile>
    <ClCompile Include="ParticleGenerator.cpp">
      <Filter>Source Files</Filter>
    </ClCompile>
    <ClCompile Include="ParticleSmoke.cpp">
      <Filter>Source Files</Filter>
    </ClCompile>
    <ClCompile Include="Player.cpp">
      <Filter>Source Files</Filter>
    </ClCompile>
    <ClCompile Include="PlayerCPU.cpp">
      <Filter>Source Files</Filter>
    </ClCompile>
    <ClCompile Include="PlayerFactory.cpp">
      <Filter>Source Files</Filter>
    </ClCompile>
    <ClCompile Include="PlayerHuman.cpp">
      <Filter>Source Files</Filter>
    </ClCompile>
    <ClCompile Include="Projectile.cpp">
      <Filter>Source Files</Filter>
    </ClCompile>
    <ClCompile Include="ReadyMenu.cpp">
      <Filter>Source Files</Filter>
    </ClCompile>
    <ClCompile Include="Scorch3dEarth.cpp">
      <Filter>Source Files</Filter>
    </ClCompile>
    <ClCompile Include="Shader.cpp">
      <Filter>Source Files</Filter>
    </ClCompile>
    <ClCompile Include="ShopMenu.cpp">
      <Filter>Source Files</Filter>
    </ClCompile>
    <ClCompile Include="SkyboxFactory.cpp">
      <Filter>Source Files</Filter>
    </ClCompile>
    <ClCompile Include="sound.cpp">
      <Filter>Source Files</Filter>
    </ClCompile>
    <ClCompile Include="SpecialEffect.cpp">
      <Filter>Source Files</Filter>
    </ClCompile>
    <ClCompile Include="SubMenu.cpp">
      <Filter>Source Files</Filter>
    </ClCompile>
    <ClCompile Include="SubMenuEconomics.cpp">
      <Filter>Source Files</Filter>
    </ClCompile>
    <ClCompile Include="SubMenuHardware.cpp">
      <Filter>Source Files</Filter>
    </ClCompile>
    <ClCompile Include="SubMenuLandscape.cpp">
      <Filter>Source Files</Filter>
    </ClCompile>
    <ClCompile Include="SubMenuPhysics.cpp">
      <Filter>Source Files</Filter>
    </ClCompile>
    <ClCompile Include="SubMenuPlayOptions.cpp">
      <Filter>Source Files</Filter>
    </ClCompile>
    <ClCompile Include="SubMenuSelectTanks.cpp">
      <Filter>Source Files</Filter>
    </ClCompile>
    <ClCompile Include="SubMenuSound.cpp">
      <Filter>Source Files</Filter>
    </ClCompile>
    <ClCompile Include="SubMenuTest.cpp">
      <Filter>Source Files</Filter>
    </ClCompile>
    <ClCompile Include="SubMenuWeapons.cpp">
      <Filter>Source Files</Filter>
    </ClCompile>
    <ClCompile Include="Tank.cpp">
      <Filter>Source Files</Filter>
    </ClCompile>
    <ClCompile Include="TankA.cpp">
      <Filter>Source Files</Filter>
    </ClCompile>
    <ClCompile Include="TankB.cpp">
      <Filter>Source Files</Filter>
    </ClCompile>
    <ClCompile Include="TankC.cpp">
      <Filter>Source Files</Filter>
    </ClCompile>
    <ClCompile Include="TankD.cpp">
      <Filter>Source Files</Filter>
    </ClCompile>
    <ClCompile Include="TankE.cpp">
      <Filter>Source Files</Filter>
    </ClCompile>
    <ClCompile Include="TankF.cpp">
      <Filter>Source Files</Filter>
    </ClCompile>
    <ClCompile Include="TankG.cpp">
      <Filter>Source Files</Filter>
    </ClCompile>
    <ClCompile Include="TankH.cpp">
      <Filter>Source Files</Filter>
    </ClCompile>
    <ClCompile Include="TerrainMaker.cpp">
      <Filter>Source Files</Filter>
    </ClCompile>
    <ClCompile Include="TexCoord.cpp">
      <Filter>Source Files</Filter>
    </ClCompile>
    <ClCompile Include="TextObject.cpp">
      <Filter>Source Files</Filter>
    </ClCompile>
    <ClCompile Include="VBOQualifer.cpp">
      <Filter>Source Files</Filter>
    </ClCompile>
    <ClCompile Include="VBOShaderLibrary.cpp">
      <Filter>Source Files</Filter>
    </ClCompile>
    <ClCompile Include="Vector.cpp">
      <Filter>Source Files</Filter>
    </ClCompile>
    <ClCompile Include="Vertex.cpp">
      <Filter>Source Files</Filter>
    </ClCompile>
    <ClCompile Include="Water.cpp">
      <Filter>Source Files</Filter>
    </ClCompile>
    <ClCompile Include="Weapon.cpp">
      <Filter>Source Files</Filter>
    </ClCompile>
    <ClCompile Include="WeaponAcid.cpp">
      <Filter>Source Files</Filter>
    </ClCompile>
    <ClCompile Include="WeaponAtom.cpp">
      <Filter>Source Files</Filter>
    </ClCompile>
    <ClCompile Include="WeaponBFB.cpp">
      <Filter>Source Files</Filter>
    </ClCompile>
    <ClCompile Include="WeaponDefault.cpp">
      <Filter>Source Files</Filter>
    </ClCompile>
    <ClCompile Include="WeaponEMP.cpp">
      <Filter>Source Files</Filter>
    </ClCompile>
    <ClCompile Include="WeaponMFB.cpp">
      <Filter>Source Files</Filter>
    </ClCompile>
    <ClCompile Include="WeaponNuke.cpp">
      <Filter>Source Files</Filter>
    </ClCompile>
    <ClCompile Include="WeaponPadlock.cpp">
      <Filter>Source Files</Filter>
    </ClCompile>
    <ClCompile Include="WeaponRevive.cpp">
      <Filter>Source Files</Filter>
    </ClCompile>
    <ClCompile Include="WeaponTeleport.cpp">
      <Filter>Source Files</Filter>
    </ClCompile>
    <ClCompile Include="WeaponTest.cpp">
      <Filter>Source Files</Filter>
    </ClCompile>
    <ClCompile Include="WeaponThor.cpp">
      <Filter>Source Files</Filter>
    </ClCompile>
    <ClCompile Include="WorldCam.cpp">
      <Filter>Source Files</Filter>
    </ClCompile>
  </ItemGroup>
  <ItemGroup>
    <ClInclude Include="ChaseCam.h">
      <Filter>Header Files</Filter>
    </ClInclude>
    <ClInclude Include="ControlItem.h">
      <Filter>Header Files</Filter>
    </ClInclude>
    <ClInclude Include="ControlItemButton.h">
      <Filter>Header Files</Filter>
    </ClInclude>
    <ClInclude Include="ControlItemCheckBox.h">
      <Filter>Header Files</Filter>
    </ClInclude>
    <ClInclude Include="ControlItemGrid.h">
      <Filter>Header Files</Filter>
    </ClInclude>
    <ClInclude Include="ControlItemSelectionBox.h">
      <Filter>Header Files</Filter>
    </ClInclude>
    <ClInclude Include="ControlItemSliderbar.h">
      <Filter>Header Files</Filter>
    </ClInclude>
    <ClInclude Include="ControlItemTextField.h">
      <Filter>Header Files</Filter>
    </ClInclude>
    <ClInclude Include="Explosion.h">
      <Filter>Header Files</Filter>
    </ClInclude>
    <ClInclude Include="GameState.h">
      <Filter>Header Files</Filter>
    </ClInclude>
    <ClInclude Include="GlobalSettings.h">
      <Filter>Header Files</Filter>
    </ClInclude>
    <ClInclude Include="ImageObject.h">
      <Filter>Header Files</Filter>
    </ClInclude>
    <ClInclude Include="Inventory.h">
      <Filter>Header Files</Filter>
    </ClInclude>
    <ClInclude Include="Item.h">
      <Filter>Header Files</Filter>
    </ClInclude>
    <ClInclude Include="ItemAntiAcid.h">
      <Filter>Header Files</Filter>
    </ClInclude>
    <ClInclude Include="ItemBigRepair.h">
      <Filter>Header Files</Filter>
    </ClInclude>
    <ClInclude Include="ItemCloak.h">
      <Filter>Header Files</Filter>
    </ClInclude>
    <ClInclude Include="ItemDoubleAction.h">
      <Filter>Header Files</Filter>
    </ClInclude>
    <ClInclude Include="ItemExtraBattery.h">
      <Filter>Header Files</Filter>
    </ClInclude>
    <ClInclude Include="ItemFloat.h">
      <Filter>Header Files</Filter>
    </ClInclude>
    <ClInclude Include="ItemShield.h">
      <Filter>Header Files</Filter>
    </ClInclude>
    <ClInclude Include="ItemSmallRepair.h">
      <Filter>Header Files</Filter>
    </ClInclude>
    <ClInclude Include="ItemTest.h">
      <Filter>Header Files</Filter>
    </ClInclude>
    <ClInclude Include="LoadingScreen.h">
      <Filter>Header Files</Filter>
    </ClInclude>
    <ClInclude Include="macro_crtdbg.h">
      <Filter>Header Files</Filter>
    </ClInclude>
    <ClInclude Include="MainMenu.h">
      <Filter>Header Files</Filter>
    </ClInclude>
    <ClInclude Include="MainMenuButton.h">
      <Filter>Header Files</Filter>
    </ClInclude>
    <ClInclude Include="Normal.h">
      <Filter>Header Files</Filter>
    </ClInclude>
    <ClInclude Include="OpenGLColors.h">
      <Filter>Header Files</Filter>
    </ClInclude>
    <ClInclude Include="Particle.h">
      <Filter>Header Files</Filter>
    </ClInclude>
    <ClInclude Include="ParticleAcid.h">
      <Filter>Header Files</Filter>
    </ClInclude>
    <ClInclude Include="ParticleFloat.h">
      <Filter>Header Files</Filter>
    </ClInclude>
    <ClInclude Include="ParticleGenerator.h">
      <Filter>Header Files</Filter>
    </ClInclude>
    <ClInclude Include="ParticleSmoke.h">
      <Filter>Header Files</Filter>
    </ClInclude>
    <ClInclude Include="Player.h">
      <Filter>Header Files</Filter>
    </ClInclude>
    <ClInclude Include="PlayerCPU.h">
      <Filter>Header Files</Filter>
    </ClInclude>
    <ClInclude Include="PlayerFactory.h">
      <Filter>Header Files</Filter>
    </ClInclude>
    <ClInclude Include="PlayerHuman.h">
      <Filter>Header Files</Filter>
    </ClInclude>
    <ClInclude Include="possibleGameStates.h">
      <Filter>Header Files</Filter>
    </ClInclude>
    <ClInclude Include="Projectile.h">
      <Filter>Header Files</Filter>
    </ClInclude>
    <ClInclude Include="ReadyMenu.h">
      <Filter>Header Files</Filter>
    </ClInclude>
    <ClInclude Include="Shader.h">
      <Filter>Header Files</Filter>
    </ClInclude>
    <ClInclude Include="ShopMenu.h">
      <Filter>Header Files</Filter>
    </ClInclude>
    <ClInclude Include="SkyboxFactory.h">
      <Filter>Header Files</Filter>
    </ClInclude>
    <ClInclude Include="sound.h">
      <Filter>Header Files</Filter>
    </ClInclude>
    <ClInclude Include="SpecialEffect.h">
      <Filter>Header Files</Filter>
    </ClInclude>
    <ClInclude Include="SubMenu.h">
      <Filter>Header Files</Filter>
    </ClInclude>
    <ClInclude Include="SubMenuEconomics.h">
      <Filter>Header Files</Filter>
    </ClInclude>
    <ClInclude Include="SubMenuHardware.h">
      <Filter>Header Files</Filter>
    </ClInclude>
    <ClInclude Include="SubMenuLandscape.h">
      <Filter>Header Files</Filter>
    </ClInclude>
    <ClInclude Include="SubMenuPhysics.h">
      <Filter>Header Files</Filter>
    </ClInclude>
    <ClInclude Include="SubMenuPlayOptions.h">
      <Filter>Header Files</Filter>
    </ClInclude>
    <ClInclude Include="SubMenuSelectTanks.h">
      <Filter>Header Files</Filter>
    </ClInclude>
    <ClInclude Include="SubMenuSound.h">
      <Filter>Header Files</Filter>
    </ClInclude>
    <ClInclude Include="SubMenuTest.h">
      <Filter>Header Files</Filter>
    </ClInclude>
    <ClInclude Include="SubMenuWeapons.h">
      <Filter>Header Files</Filter>
    </ClInclude>
    <ClInclude Include="Tank.h">
      <Filter>Header Files</Filter>
    </ClInclude>
    <ClInclude Include="TankA.h">
      <Filter>Header Files</Filter>
    </ClInclude>
    <ClInclude Include="TankB.h">
      <Filter>Header Files</Filter>
    </ClInclude>
    <ClInclude Include="TankC.h">
      <Filter>Header Files</Filter>
    </ClInclude>
    <ClInclude Include="TankD.h">
      <Filter>Header Files</Filter>
    </ClInclude>
    <ClInclude Include="TankE.h">
      <Filter>Header Files</Filter>
    </ClInclude>
    <ClInclude Include="TankF.h">
      <Filter>Header Files</Filter>
    </ClInclude>
    <ClInclude Include="TankG.h">
      <Filter>Header Files</Filter>
    </ClInclude>
    <ClInclude Include="TankH.h">
      <Filter>Header Files</Filter>
    </ClInclude>
    <ClInclude Include="TerrainMaker.h">
      <Filter>Header Files</Filter>
    </ClInclude>
    <ClInclude Include="TexCoord.h">
      <Filter>Header Files</Filter>
    </ClInclude>
    <ClInclude Include="TextObject.h">
      <Filter>Header Files</Filter>
    </ClInclude>
    <ClInclude Include="VBOQualifer.h">
      <Filter>Header Files</Filter>
    </ClInclude>
    <ClInclude Include="VBOShaderLibrary.h">
      <Filter>Header Files</Filter>
    </ClInclude>
    <ClInclude Include="Vector.h">
      <Filter>Header Files</Filter>
    </ClInclude>
    <ClInclude Include="Vertex.h">
      <Filter>Header Files</Filter>
    </ClInclude>
    <ClInclude Include="Water.h">
      <Filter>Header Files</Filter>
    </ClInclude>
    <ClInclude Include="Weapon.h">
      <Filter>Header Files</Filter>
    </ClInclude>
    <ClInclude Include="WeaponAcid.h">
      <Filter>Header Files</Filter>
    </ClInclude>
    <ClInclude Include="WeaponAtom.h">
      <Filter>Header Files</Filter>
    </ClInclude>
    <ClInclude Include="WeaponBFB.h">
      <Filter>Header Files</Filter>
    </ClInclude>
    <ClInclude Include="WeaponDefault.h">
      <Filter>Header Files</Filter>
    </ClInclude>
    <ClInclude Include="WeaponEMP.h">
      <Filter>Header Files</Filter>
    </ClInclude>
    <ClInclude Include="WeaponMFB.h">
      <Filter>Header Files</Filter>
    </ClInclude>
    <ClInclude Include="WeaponNuke.h">
      <Filter>Header Files</Filter>
    </ClInclude>
    <ClInclude Include="WeaponPadlock.h">
      <Filter>Header Files</Filter>
    </ClInclude>
    <ClInclude Include="WeaponRevive.h">
      <Filter>Header Files</Filter>
    </ClInclude>
    <ClInclude Include="WeaponTeleport.h">
      <Filter>Header Files</Filter>
    </ClInclude>
    <ClInclude Include="WeaponTest.h">
      <Filter>Header Files</Filter>
    </ClInclude>
    <ClInclude Include="WeaponThor.h">
      <Filter>Header Files</Filter>
    </ClInclude>
    <ClInclude Include="WorldCam.h">
      <Filter>Header Files</Filter>
    </ClInclude>
  </ItemGroup>
</Project>